
Microsoft Visual Studio Solution File, Format Version 12.00
# Visual Studio Version 17
VisualStudioVersion = 17.8.34330.188
MinimumVisualStudioVersion = 10.0.40219.1
Project("{8BC9CEB8-8B4A-11D0-8D11-00A0C91BC942}") = "Stack", "Stack\Stack.vcxproj", "{12124601-BD40-4E34-B09D-976543AB1495}"
EndProject
Project("{8BC9CEB8-8B4A-11D0-8D11-00A0C91BC942}") = "UnitTests", "UnitTests\UnitTests.vcxproj", "{03C64A46-563E-49BB-BBD5-4C8D384366D2}"
EndProject
Global
	GlobalSection(SolutionConfigurationPlatforms) = preSolution
		Debug|x64 = Debug|x64
		Debug|x86 = Debug|x86
		Release|x64 = Release|x64
		Release|x86 = Release|x86
	EndGlobalSection
	GlobalSection(ProjectConfigurationPlatforms) = postSolution
		{12124601-BD40-4E34-B09D-976543AB1495}.Debug|x64.ActiveCfg = Debug|x64
		{12124601-BD40-4E34-B09D-976543AB1495}.Debug|x64.Build.0 = Debug|x64
		{12124601-BD40-4E34-B09D-976543AB1495}.Debug|x86.ActiveCfg = Debug|Win32
		{12124601-BD40-4E34-B09D-976543AB1495}.Debug|x86.Build.0 = Debug|Win32
		{12124601-BD40-4E34-B09D-976543AB1495}.Release|x64.ActiveCfg = Release|x64
		{12124601-BD40-4E34-B09D-976543AB1495}.Release|x64.Build.0 = Release|x64
		{12124601-BD40-4E34-B09D-976543AB1495}.Release|x86.ActiveCfg = Release|Win32
		{12124601-BD40-4E34-B09D-976543AB1495}.Release|x86.Build.0 = Release|Win32
		{03C64A46-563E-49BB-BBD5-4C8D384366D2}.Debug|x64.ActiveCfg = Debug|x64
		{03C64A46-563E-49BB-BBD5-4C8D384366D2}.Debug|x64.Build.0 = Debug|x64
		{03C64A46-563E-49BB-BBD5-4C8D384366D2}.Debug|x86.ActiveCfg = Debug|Win32
		{03C64A46-563E-49BB-BBD5-4C8D384366D2}.Debug|x86.Build.0 = Debug|Win32
		{03C64A46-563E-49BB-BBD5-4C8D384366D2}.Release|x64.ActiveCfg = Release|x64
		{03C64A46-563E-49BB-BBD5-4C8D384366D2}.Release|x64.Build.0 = Release|x64
		{03C64A46-563E-49BB-BBD5-4C8D384366D2}.Release|x86.ActiveCfg = Release|Win32
		{03C64A46-563E-49BB-BBD5-4C8D384366D2}.Release|x86.Build.0 = Release|Win32
	EndGlobalSection
	GlobalSection(SolutionProperties) = preSolution
		HideSolutionNode = FALSE
	EndGlobalSection
	GlobalSection(ExtensibilityGlobals) = postSolution
		SolutionGuid = {32CD7942-9D3E-49F2-89F6-1DE8F9AD3490}
	EndGlobalSection
EndGlobal
